
Microsoft Visual Studio Solution File, Format Version 12.00
# Visual Studio Version 17
VisualStudioVersion = 17.4.33213.308
MinimumVisualStudioVersion = 10.0.40219.1
Project("{9A19103F-16F7-4668-BE54-9A1E7A4F7556}") = "ShopApi", "ShopApi\ShopApi.csproj", "{B57CDDDB-A39B-45E8-9E92-0ED4A6A6965D}"
EndProject
Project("{FAE04EC0-301F-11D3-BF4B-00C04F79EFBC}") = "DAL", "DAL\DAL.csproj", "{68068D6B-AA1F-4D2C-BE22-964441804FBC}"
EndProject
Project("{FAE04EC0-301F-11D3-BF4B-00C04F79EFBC}") = "Infrastructure", "Infrastructure\Infrastructure.csproj", "{F80E903F-776F-4EA4-BA36-99EDEC3DE245}"
EndProject
Global
	GlobalSection(SolutionConfigurationPlatforms) = preSolution
		Debug|Any CPU = Debug|Any CPU
		Release|Any CPU = Release|Any CPU
	EndGlobalSection
	GlobalSection(ProjectConfigurationPlatforms) = postSolution
		{B57CDDDB-A39B-45E8-9E92-0ED4A6A6965D}.Debug|Any CPU.ActiveCfg = Debug|Any CPU
		{B57CDDDB-A39B-45E8-9E92-0ED4A6A6965D}.Debug|Any CPU.Build.0 = Debug|Any CPU
		{B57CDDDB-A39B-45E8-9E92-0ED4A6A6965D}.Release|Any CPU.ActiveCfg = Release|Any CPU
		{B57CDDDB-A39B-45E8-9E92-0ED4A6A6965D}.Release|Any CPU.Build.0 = Release|Any CPU
		{68068D6B-AA1F-4D2C-BE22-964441804FBC}.Debug|Any CPU.ActiveCfg = Debug|Any CPU
		{68068D6B-AA1F-4D2C-BE22-964441804FBC}.Debug|Any CPU.Build.0 = Debug|Any CPU
		{68068D6B-AA1F-4D2C-BE22-964441804FBC}.Release|Any CPU.ActiveCfg = Release|Any CPU
		{68068D6B-AA1F-4D2C-BE22-964441804FBC}.Release|Any CPU.Build.0 = Release|Any CPU
		{F80E903F-776F-4EA4-BA36-99EDEC3DE245}.Debug|Any CPU.ActiveCfg = Debug|Any CPU
		{F80E903F-776F-4EA4-BA36-99EDEC3DE245}.Debug|Any CPU.Build.0 = Debug|Any CPU
		{F80E903F-776F-4EA4-BA36-99EDEC3DE245}.Release|Any CPU.ActiveCfg = Release|Any CPU
		{F80E903F-776F-4EA4-BA36-99EDEC3DE245}.Release|Any CPU.Build.0 = Release|Any CPU
	EndGlobalSection
	GlobalSection(SolutionProperties) = preSolution
		HideSolutionNode = FALSE
	EndGlobalSection
	GlobalSection(ExtensibilityGlobals) = postSolution
		SolutionGuid = {56A2FCEF-484B-4394-96E1-6D1285B8E66C}
	EndGlobalSection
EndGlobal
